
Microsoft Visual Studio Solution File, Format Version 12.00
# Visual Studio Version 16
VisualStudioVersion = 16.0.32126.315
MinimumVisualStudioVersion = 10.0.40219.1
Project("{FAE04EC0-301F-11D3-BF4B-00C04F79EFBC}") = "pustok", "pustok\pustok.csproj", "{9844E68A-1BDD-45F0-BC83-399E83FB8AE0}"
EndProject
Global
	GlobalSection(SolutionConfigurationPlatforms) = preSolution
		Debug|Any CPU = Debug|Any CPU
		Release|Any CPU = Release|Any CPU
	EndGlobalSection
	GlobalSection(ProjectConfigurationPlatforms) = postSolution
		{9844E68A-1BDD-45F0-BC83-399E83FB8AE0}.Debug|Any CPU.ActiveCfg = Debug|Any CPU
		{9844E68A-1BDD-45F0-BC83-399E83FB8AE0}.Debug|Any CPU.Build.0 = Debug|Any CPU
		{9844E68A-1BDD-45F0-BC83-399E83FB8AE0}.Release|Any CPU.ActiveCfg = Release|Any CPU
		{9844E68A-1BDD-45F0-BC83-399E83FB8AE0}.Release|Any CPU.Build.0 = Release|Any CPU
	EndGlobalSection
	GlobalSection(SolutionProperties) = preSolution
		HideSolutionNode = FALSE
	EndGlobalSection
	GlobalSection(ExtensibilityGlobals) = postSolution
		SolutionGuid = {372EDAAA-31D1-436E-963A-0FB051E299D3}
	EndGlobalSection
EndGlobal
